{
	"name": "attribute-cc",
	"version": "0.1.0",
	"lockfileVersion": 1,
	"requires": true,
	"dependencies": {
		"@types/chai": {
			"version": "4.1.4",
			"resolved": "https://registry.npmjs.org/@types/chai/-/chai-4.1.4.tgz",
			"integrity": "sha512-h6+VEw2Vr3ORiFCyyJmcho2zALnUq9cvdB/IO8Xs9itrJVCenC7o26A6+m7D0ihTTr65eS259H5/Ghl/VjYs6g==",
			"dev": true
		}
	}
}
